
Microsoft Visual Studio Solution File, Format Version 12.00
# Visual Studio Version 16
VisualStudioVersion = 16.0.29613.14
MinimumVisualStudioVersion = 10.0.40219.1
Project("{FAE04EC0-301F-11D3-BF4B-00C04F79EFBC}") = "SalesWebMVC", "SalesWebMVC\SalesWebMVC.csproj", "{211448DD-7EFC-4C6A-8F2A-0C76AFF51E7A}"
EndProject
Global
	GlobalSection(SolutionConfigurationPlatforms) = preSolution
		Debug|Any CPU = Debug|Any CPU
		Release|Any CPU = Release|Any CPU
	EndGlobalSection
	GlobalSection(ProjectConfigurationPlatforms) = postSolution
		{211448DD-7EFC-4C6A-8F2A-0C76AFF51E7A}.Debug|Any CPU.ActiveCfg = Debug|Any CPU
		{211448DD-7EFC-4C6A-8F2A-0C76AFF51E7A}.Debug|Any CPU.Build.0 = Debug|Any CPU
		{211448DD-7EFC-4C6A-8F2A-0C76AFF51E7A}.Release|Any CPU.ActiveCfg = Release|Any CPU
		{211448DD-7EFC-4C6A-8F2A-0C76AFF51E7A}.Release|Any CPU.Build.0 = Release|Any CPU
	EndGlobalSection
	GlobalSection(SolutionProperties) = preSolution
		HideSolutionNode = FALSE
	EndGlobalSection
	GlobalSection(ExtensibilityGlobals) = postSolution
		SolutionGuid = {A6F127FB-0519-4AC3-8281-CB701F68FCC0}
	EndGlobalSection
EndGlobal
